{
    "version": 3,
    "terraform_version": "0.11.7",
    "serial": 56,
    "lineage": "b2cda092-ff74-cdcd-0409-65a5d83bc858",
    "modules": [
        {
            "path": [
                "root"
            ],
            "outputs": {
                "alb-dmz": {
                    "sensitive": false,
                    "type": "string",
                    "value": "rr-alb-dmz-605417348.eu-west-1.elb.amazonaws.com"
                },
                "alb-secure": {
                    "sensitive": false,
                    "type": "string",
                    "value": "rr-alb-secure-703166423.eu-west-1.elb.amazonaws.com"
                },
                "rr-api-taskdef": {
                    "sensitive": false,
                    "type": "string",
                    "value": "rr-api-td:6"
                },
                "rr-web-taskdef": {
                    "sensitive": false,
                    "type": "string",
                    "value": "rr-web-td:7"
                },
                "vpc-id": {
                    "sensitive": false,
                    "type": "string",
                    "value": "vpc-063295c70976a844c"
                }
            },
            "resources": {
                "aws_alb.rr-alb-dmz": {
                    "type": "aws_alb",
                    "depends_on": [
                        "aws_security_group.rr-alb-sg",
                        "aws_subnet.rr-subnet-dmz-1",
                        "aws_subnet.rr-subnet-dmz-2"
                    ],
                    "primary": {
                        "id": "arn:aws:elasticloadbalancing:eu-west-1:352504084696:loadbalancer/app/rr-alb-dmz/835fe35a5456d404",
                        "attributes": {
                            "access_logs.#": "0",
                            "arn": "arn:aws:elasticloadbalancing:eu-west-1:352504084696:loadbalancer/app/rr-alb-dmz/835fe35a5456d404",
                            "arn_suffix": "app/rr-alb-dmz/835fe35a5456d404",
                            "dns_name": "rr-alb-dmz-605417348.eu-west-1.elb.amazonaws.com",
                            "enable_deletion_protection": "false",
                            "enable_http2": "true",
                            "id": "arn:aws:elasticloadbalancing:eu-west-1:352504084696:loadbalancer/app/rr-alb-dmz/835fe35a5456d404",
                            "idle_timeout": "60",
                            "internal": "false",
                            "ip_address_type": "ipv4",
                            "load_balancer_type": "application",
                            "name": "rr-alb-dmz",
                            "security_groups.#": "1",
                            "security_groups.2477612721": "sg-0d802d1873dd46582",
                            "subnet_mapping.#": "0",
                            "subnets.#": "2",
                            "subnets.189743313": "subnet-0a84edfe3a0de0584",
                            "subnets.502679723": "subnet-0812f5d95ebd700a4",
                            "tags.%": "1",
                            "tags.Name": "rr-alb-dmz",
                            "vpc_id": "vpc-063295c70976a844c",
                            "zone_id": "Z32O12XQLNTSW2"
                        },
                        "meta": {
                            "e2bfb730-ecaa-11e6-8f88-34363bc7c4c0": {
                                "create": 600000000000,
                                "delete": 600000000000,
                                "update": 600000000000
                            }
                        },
                        "tainted": false
                    },
                    "deposed": [],
                    "provider": "provider.aws"
                },
                "aws_alb.rr-alb-secure": {
                    "type": "aws_alb",
                    "depends_on": [
                        "aws_security_group.rr-alb-sg",
                        "aws_subnet.rr-subnet-secure-1",
                        "aws_subnet.rr-subnet-secure-2"
                    ],
                    "primary": {
                        "id": "arn:aws:elasticloadbalancing:eu-west-1:352504084696:loadbalancer/app/rr-alb-secure/ed8d4d7ce27e6468",
                        "attributes": {
                            "access_logs.#": "0",
                            "arn": "arn:aws:elasticloadbalancing:eu-west-1:352504084696:loadbalancer/app/rr-alb-secure/ed8d4d7ce27e6468",
                            "arn_suffix": "app/rr-alb-secure/ed8d4d7ce27e6468",
                            "dns_name": "rr-alb-secure-703166423.eu-west-1.elb.amazonaws.com",
                            "enable_deletion_protection": "false",
                            "enable_http2": "true",
                            "id": "arn:aws:elasticloadbalancing:eu-west-1:352504084696:loadbalancer/app/rr-alb-secure/ed8d4d7ce27e6468",
                            "idle_timeout": "60",
                            "internal": "false",
                            "ip_address_type": "ipv4",
                            "load_balancer_type": "application",
                            "name": "rr-alb-secure",
                            "security_groups.#": "1",
                            "security_groups.2477612721": "sg-0d802d1873dd46582",
                            "subnet_mapping.#": "0",
                            "subnets.#": "2",
                            "subnets.3501917094": "subnet-0e02e206a69a5cb99",
                            "subnets.669642334": "subnet-0e5119f0b6444ddf9",
                            "tags.%": "1",
                            "tags.Name": "rr-alb-secure",
                            "vpc_id": "vpc-063295c70976a844c",
                            "zone_id": "Z32O12XQLNTSW2"
                        },
                        "meta": {
                            "e2bfb730-ecaa-11e6-8f88-34363bc7c4c0": {
                                "create": 600000000000,
                                "delete": 600000000000,
                                "update": 600000000000
                            }
                        },
                        "tainted": false
                    },
                    "deposed": [],
                    "provider": "provider.aws"
                },
                "aws_alb_listener.rr-alb-dmz-listener": {
                    "type": "aws_alb_listener",
                    "depends_on": [
                        "aws_alb.rr-alb-dmz",
                        "aws_alb_target_group.rr-alb-dmz-tg"
                    ],
                    "primary": {
                        "id": "arn:aws:elasticloadbalancing:eu-west-1:352504084696:listener/app/rr-alb-dmz/835fe35a5456d404/3766166d67337cb8",
                        "attributes": {
                            "arn": "arn:aws:elasticloadbalancing:eu-west-1:352504084696:listener/app/rr-alb-dmz/835fe35a5456d404/3766166d67337cb8",
                            "default_action.#": "1",
                            "default_action.0.target_group_arn": "arn:aws:elasticloadbalancing:eu-west-1:352504084696:targetgroup/rr-alb-dmz-tg/82c594a2ad8de8f1",
                            "default_action.0.type": "forward",
                            "id": "arn:aws:elasticloadbalancing:eu-west-1:352504084696:listener/app/rr-alb-dmz/835fe35a5456d404/3766166d67337cb8",
                            "load_balancer_arn": "arn:aws:elasticloadbalancing:eu-west-1:352504084696:loadbalancer/app/rr-alb-dmz/835fe35a5456d404",
                            "port": "80",
                            "protocol": "HTTP",
                            "ssl_policy": ""
                        },
                        "meta": {},
                        "tainted": false
                    },
                    "deposed": [],
                    "provider": "provider.aws"
                },
                "aws_alb_listener.rr-alb-secure-listener": {
                    "type": "aws_alb_listener",
                    "depends_on": [
                        "aws_alb.rr-alb-secure",
                        "aws_alb_target_group.rr-alb-secure-tg"
                    ],
                    "primary": {
                        "id": "arn:aws:elasticloadbalancing:eu-west-1:352504084696:listener/app/rr-alb-secure/ed8d4d7ce27e6468/803844110776dbbc",
                        "attributes": {
                            "arn": "arn:aws:elasticloadbalancing:eu-west-1:352504084696:listener/app/rr-alb-secure/ed8d4d7ce27e6468/803844110776dbbc",
                            "default_action.#": "1",
                            "default_action.0.target_group_arn": "arn:aws:elasticloadbalancing:eu-west-1:352504084696:targetgroup/rr-alb-secure-tg/a81b44fede9daa50",
                            "default_action.0.type": "forward",
                            "id": "arn:aws:elasticloadbalancing:eu-west-1:352504084696:listener/app/rr-alb-secure/ed8d4d7ce27e6468/803844110776dbbc",
                            "load_balancer_arn": "arn:aws:elasticloadbalancing:eu-west-1:352504084696:loadbalancer/app/rr-alb-secure/ed8d4d7ce27e6468",
                            "port": "80",
                            "protocol": "HTTP",
                            "ssl_policy": ""
                        },
                        "meta": {},
                        "tainted": false
                    },
                    "deposed": [],
                    "provider": "provider.aws"
                },
                "aws_alb_target_group.rr-alb-dmz-tg": {
                    "type": "aws_alb_target_group",
                    "depends_on": [
                        "aws_vpc.rr-vpc"
                    ],
                    "primary": {
                        "id": "arn:aws:elasticloadbalancing:eu-west-1:352504084696:targetgroup/rr-alb-dmz-tg/82c594a2ad8de8f1",
                        "attributes": {
                            "arn": "arn:aws:elasticloadbalancing:eu-west-1:352504084696:targetgroup/rr-alb-dmz-tg/82c594a2ad8de8f1",
                            "arn_suffix": "targetgroup/rr-alb-dmz-tg/82c594a2ad8de8f1",
                            "deregistration_delay": "300",
                            "health_check.#": "1",
                            "health_check.0.healthy_threshold": "5",
                            "health_check.0.interval": "30",
                            "health_check.0.matcher": "200",
                            "health_check.0.path": "/",
                            "health_check.0.port": "traffic-port",
                            "health_check.0.protocol": "HTTP",
                            "health_check.0.timeout": "5",
                            "health_check.0.unhealthy_threshold": "2",
                            "id": "arn:aws:elasticloadbalancing:eu-west-1:352504084696:targetgroup/rr-alb-dmz-tg/82c594a2ad8de8f1",
                            "name": "rr-alb-dmz-tg",
                            "port": "80",
                            "protocol": "HTTP",
                            "proxy_protocol_v2": "false",
                            "slow_start": "0",
                            "stickiness.#": "1",
                            "stickiness.0.cookie_duration": "86400",
                            "stickiness.0.enabled": "false",
                            "stickiness.0.type": "lb_cookie",
                            "tags.%": "1",
                            "tags.Name": "rr-alb-dmz-tg",
                            "target_type": "instance",
                            "vpc_id": "vpc-063295c70976a844c"
                        },
                        "meta": {},
                        "tainted": false
                    },
                    "deposed": [],
                    "provider": "provider.aws"
                },
                "aws_alb_target_group.rr-alb-secure-tg": {
                    "type": "aws_alb_target_group",
                    "depends_on": [
                        "aws_vpc.rr-vpc"
                    ],
                    "primary": {
                        "id": "arn:aws:elasticloadbalancing:eu-west-1:352504084696:targetgroup/rr-alb-secure-tg/a81b44fede9daa50",
                        "attributes": {
                            "arn": "arn:aws:elasticloadbalancing:eu-west-1:352504084696:targetgroup/rr-alb-secure-tg/a81b44fede9daa50",
                            "arn_suffix": "targetgroup/rr-alb-secure-tg/a81b44fede9daa50",
                            "deregistration_delay": "300",
                            "health_check.#": "1",
                            "health_check.0.healthy_threshold": "5",
                            "health_check.0.interval": "30",
                            "health_check.0.matcher": "200",
                            "health_check.0.path": "/",
                            "health_check.0.port": "traffic-port",
                            "health_check.0.protocol": "HTTP",
                            "health_check.0.timeout": "5",
                            "health_check.0.unhealthy_threshold": "2",
                            "id": "arn:aws:elasticloadbalancing:eu-west-1:352504084696:targetgroup/rr-alb-secure-tg/a81b44fede9daa50",
                            "name": "rr-alb-secure-tg",
                            "port": "80",
                            "protocol": "HTTP",
                            "proxy_protocol_v2": "false",
                            "slow_start": "0",
                            "stickiness.#": "1",
                            "stickiness.0.cookie_duration": "86400",
                            "stickiness.0.enabled": "false",
                            "stickiness.0.type": "lb_cookie",
                            "tags.%": "1",
                            "tags.Name": "rr-alb-secure-tg",
                            "target_type": "instance",
                            "vpc_id": "vpc-063295c70976a844c"
                        },
                        "meta": {},
                        "tainted": false
                    },
                    "deposed": [],
                    "provider": "provider.aws"
                },
                "aws_autoscaling_group.ecs-dmz-asg": {
                    "type": "aws_autoscaling_group",
                    "depends_on": [
                        "aws_launch_configuration.ecs-dmz-launch-config",
                        "aws_subnet.rr-subnet-dmz-1",
                        "aws_subnet.rr-subnet-dmz-2"
                    ],
                    "primary": {
                        "id": "eecs-dmz-asg",
                        "attributes": {
                            "arn": "arn:aws:autoscaling:eu-west-1:352504084696:autoScalingGroup:96d9c576-846e-42bb-a843-ad8f25007af6:autoScalingGroupName/eecs-dmz-asg",
                            "availability_zones.#": "2",
                            "availability_zones.1924028850": "eu-west-1b",
                            "availability_zones.3953592328": "eu-west-1a",
                            "default_cooldown": "300",
                            "desired_capacity": "2",
                            "enabled_metrics.#": "0",
                            "force_delete": "false",
                            "health_check_grace_period": "300",
                            "health_check_type": "ELB",
                            "id": "eecs-dmz-asg",
                            "launch_configuration": "ecs-dmz-launch-config",
                            "launch_template.#": "0",
                            "load_balancers.#": "0",
                            "max_size": "2",
                            "metrics_granularity": "1Minute",
                            "min_size": "2",
                            "name": "eecs-dmz-asg",
                            "placement_group": "",
                            "protect_from_scale_in": "false",
                            "service_linked_role_arn": "arn:aws:iam::352504084696:role/aws-service-role/autoscaling.amazonaws.com/AWSServiceRoleForAutoScaling",
                            "suspended_processes.#": "0",
                            "tag.#": "0",
                            "target_group_arns.#": "0",
                            "termination_policies.#": "0",
                            "vpc_zone_identifier.#": "2",
                            "vpc_zone_identifier.189743313": "subnet-0a84edfe3a0de0584",
                            "vpc_zone_identifier.502679723": "subnet-0812f5d95ebd700a4",
                            "wait_for_capacity_timeout": "10m"
                        },
                        "meta": {
                            "e2bfb730-ecaa-11e6-8f88-34363bc7c4c0": {
                                "delete": 600000000000
                            }
                        },
                        "tainted": false
                    },
                    "deposed": [],
                    "provider": "provider.aws"
                },
                "aws_autoscaling_group.ecs-secure-asg": {
                    "type": "aws_autoscaling_group",
                    "depends_on": [
                        "aws_launch_configuration.ecs-secure-launch-config",
                        "aws_subnet.rr-subnet-secure-1",
                        "aws_subnet.rr-subnet-secure-2"
                    ],
                    "primary": {
                        "id": "ecs-secure-asg",
                        "attributes": {
                            "arn": "arn:aws:autoscaling:eu-west-1:352504084696:autoScalingGroup:94c23b61-755a-4012-9cef-e30c1cedd791:autoScalingGroupName/ecs-secure-asg",
                            "availability_zones.#": "2",
                            "availability_zones.1924028850": "eu-west-1b",
                            "availability_zones.3953592328": "eu-west-1a",
                            "default_cooldown": "300",
                            "desired_capacity": "2",
                            "enabled_metrics.#": "0",
                            "force_delete": "false",
                            "health_check_grace_period": "300",
                            "health_check_type": "ELB",
                            "id": "ecs-secure-asg",
                            "launch_configuration": "ecs-secure-launch-config",
                            "launch_template.#": "0",
                            "load_balancers.#": "0",
                            "max_size": "2",
                            "metrics_granularity": "1Minute",
                            "min_size": "2",
                            "name": "ecs-secure-asg",
                            "placement_group": "",
                            "protect_from_scale_in": "false",
                            "service_linked_role_arn": "arn:aws:iam::352504084696:role/aws-service-role/autoscaling.amazonaws.com/AWSServiceRoleForAutoScaling",
                            "suspended_processes.#": "0",
                            "tag.#": "0",
                            "target_group_arns.#": "0",
                            "termination_policies.#": "0",
                            "vpc_zone_identifier.#": "2",
                            "vpc_zone_identifier.3501917094": "subnet-0e02e206a69a5cb99",
                            "vpc_zone_identifier.669642334": "subnet-0e5119f0b6444ddf9",
                            "wait_for_capacity_timeout": "10m"
                        },
                        "meta": {
                            "e2bfb730-ecaa-11e6-8f88-34363bc7c4c0": {
                                "delete": 600000000000
                            }
                        },
                        "tainted": false
                    },
                    "deposed": [],
                    "provider": "provider.aws"
                },
                "aws_ecs_cluster.rr-dmz-cluster": {
                    "type": "aws_ecs_cluster",
                    "depends_on": [],
                    "primary": {
                        "id": "arn:aws:ecs:eu-west-1:352504084696:cluster/rr-dmz-cluster",
                        "attributes": {
                            "arn": "arn:aws:ecs:eu-west-1:352504084696:cluster/rr-dmz-cluster",
                            "id": "arn:aws:ecs:eu-west-1:352504084696:cluster/rr-dmz-cluster",
                            "name": "rr-dmz-cluster"
                        },
                        "meta": {},
                        "tainted": false
                    },
                    "deposed": [],
                    "provider": "provider.aws"
                },
                "aws_ecs_cluster.rr-secure-cluster": {
                    "type": "aws_ecs_cluster",
                    "depends_on": [],
                    "primary": {
                        "id": "arn:aws:ecs:eu-west-1:352504084696:cluster/rr-secure-cluster",
                        "attributes": {
                            "arn": "arn:aws:ecs:eu-west-1:352504084696:cluster/rr-secure-cluster",
                            "id": "arn:aws:ecs:eu-west-1:352504084696:cluster/rr-secure-cluster",
                            "name": "rr-secure-cluster"
                        },
                        "meta": {},
                        "tainted": false
                    },
                    "deposed": [],
                    "provider": "provider.aws"
                },
                "aws_ecs_service.rr-api-service": {
                    "type": "aws_ecs_service",
                    "depends_on": [
                        "aws_alb_target_group.rr-alb-secure-tg",
                        "aws_ecs_cluster.rr-secure-cluster",
                        "aws_ecs_task_definition.rr-api-td",
                        "aws_iam_role.ecs-service-role"
                    ],
                    "primary": {
                        "id": "arn:aws:ecs:eu-west-1:352504084696:service/rr-api-service",
                        "attributes": {
                            "cluster": "arn:aws:ecs:eu-west-1:352504084696:cluster/rr-secure-cluster",
                            "deployment_maximum_percent": "200",
                            "deployment_minimum_healthy_percent": "100",
                            "desired_count": "2",
                            "health_check_grace_period_seconds": "0",
                            "iam_role": "ecs-service-role",
                            "id": "arn:aws:ecs:eu-west-1:352504084696:service/rr-api-service",
                            "launch_type": "EC2",
                            "load_balancer.#": "1",
                            "load_balancer.1161863656.container_name": "reminder-api",
                            "load_balancer.1161863656.container_port": "80",
                            "load_balancer.1161863656.elb_name": "",
                            "load_balancer.1161863656.target_group_arn": "arn:aws:elasticloadbalancing:eu-west-1:352504084696:targetgroup/rr-alb-secure-tg/a81b44fede9daa50",
                            "name": "rr-api-service",
                            "network_configuration.#": "0",
                            "ordered_placement_strategy.#": "0",
                            "placement_constraints.#": "0",
                            "scheduling_strategy": "REPLICA",
                            "service_registries.#": "0",
                            "task_definition": "rr-api-td:6"
                        },
                        "meta": {},
                        "tainted": false
                    },
                    "deposed": [],
                    "provider": "provider.aws"
                },
                "aws_ecs_service.rr-web-service": {
                    "type": "aws_ecs_service",
                    "depends_on": [
                        "aws_alb_target_group.rr-alb-dmz-tg",
                        "aws_ecs_cluster.rr-dmz-cluster",
                        "aws_ecs_task_definition.rr-web-td",
                        "aws_iam_role.ecs-service-role"
                    ],
                    "primary": {
                        "id": "arn:aws:ecs:eu-west-1:352504084696:service/rr-web-service",
                        "attributes": {
                            "cluster": "arn:aws:ecs:eu-west-1:352504084696:cluster/rr-dmz-cluster",
                            "deployment_maximum_percent": "200",
                            "deployment_minimum_healthy_percent": "100",
                            "desired_count": "2",
                            "health_check_grace_period_seconds": "0",
                            "iam_role": "ecs-service-role",
                            "id": "arn:aws:ecs:eu-west-1:352504084696:service/rr-web-service",
                            "launch_type": "EC2",
                            "load_balancer.#": "1",
                            "load_balancer.2243544012.container_name": "reminder-web",
                            "load_balancer.2243544012.container_port": "80",
                            "load_balancer.2243544012.elb_name": "",
                            "load_balancer.2243544012.target_group_arn": "arn:aws:elasticloadbalancing:eu-west-1:352504084696:targetgroup/rr-alb-dmz-tg/82c594a2ad8de8f1",
                            "name": "rr-web-service",
                            "network_configuration.#": "0",
                            "ordered_placement_strategy.#": "0",
                            "placement_constraints.#": "0",
                            "scheduling_strategy": "REPLICA",
                            "service_registries.#": "0",
                            "task_definition": "rr-web-td:7"
                        },
                        "meta": {},
                        "tainted": false
                    },
                    "deposed": [],
                    "provider": "provider.aws"
                },
                "aws_ecs_task_definition.rr-api-td": {
                    "type": "aws_ecs_task_definition",
                    "depends_on": [],
                    "primary": {
                        "id": "rr-api-td",
                        "attributes": {
                            "arn": "arn:aws:ecs:eu-west-1:352504084696:task-definition/rr-api-td:6",
                            "container_definitions": "[{\"cpu\":0,\"environment\":[{\"name\":\"PORT\",\"value\":\"80\"},{\"name\":\"DATABASE_URL\",\"value\":\"postgres://reduser:keskiviikko217@rr-aurora-cluster.cluster-cochnw1lxuty.eu-west-1.rds.amazonaws.com:5432/reminders\"}],\"essential\":true,\"image\":\"352504084696.dkr.ecr.eu-west-1.amazonaws.com/reminder-api:latest\",\"memory\":300,\"mountPoints\":[],\"name\":\"reminder-api\",\"portMappings\":[{\"containerPort\":80,\"hostPort\":80,\"protocol\":\"tcp\"}],\"volumesFrom\":[]}]",
                            "cpu": "",
                            "execution_role_arn": "",
                            "family": "rr-api-td",
                            "id": "rr-api-td",
                            "memory": "",
                            "network_mode": "",
                            "placement_constraints.#": "0",
                            "requires_compatibilities.#": "0",
                            "revision": "6",
                            "task_role_arn": "",
                            "volume.#": "0"
                        },
                        "meta": {
                            "schema_version": "1"
                        },
                        "tainted": false
                    },
                    "deposed": [],
                    "provider": "provider.aws"
                },
                "aws_ecs_task_definition.rr-web-td": {
                    "type": "aws_ecs_task_definition",
                    "depends_on": [],
                    "primary": {
                        "id": "rr-web-td",
                        "attributes": {
                            "arn": "arn:aws:ecs:eu-west-1:352504084696:task-definition/rr-web-td:7",
                            "container_definitions": "[{\"cpu\":0,\"environment\":[{\"name\":\"PORT\",\"value\":\"80\"},{\"name\":\"SERVICE_REMINDER_API\",\"value\":\"http://rr-alb-secure-703166423.eu-west-1.elb.amazonaws.com/reminders\"}],\"essential\":true,\"image\":\"352504084696.dkr.ecr.eu-west-1.amazonaws.com/reminder-web:latest\",\"memory\":300,\"mountPoints\":[],\"name\":\"reminder-web\",\"portMappings\":[{\"containerPort\":80,\"hostPort\":80,\"protocol\":\"tcp\"}],\"volumesFrom\":[]}]",
                            "cpu": "",
                            "execution_role_arn": "",
                            "family": "rr-web-td",
                            "id": "rr-web-td",
                            "memory": "",
                            "network_mode": "",
                            "placement_constraints.#": "0",
                            "requires_compatibilities.#": "0",
                            "revision": "7",
                            "task_role_arn": "",
                            "volume.#": "0"
                        },
                        "meta": {
                            "schema_version": "1"
                        },
                        "tainted": false
                    },
                    "deposed": [],
                    "provider": "provider.aws"
                },
                "aws_iam_instance_profile.ecs-instance-profile": {
                    "type": "aws_iam_instance_profile",
                    "depends_on": [
                        "aws_iam_role.ecs-instance-role"
                    ],
                    "primary": {
                        "id": "ecs-instance-profile",
                        "attributes": {
                            "arn": "arn:aws:iam::352504084696:instance-profile/ecs-instance-profile",
                            "create_date": "2018-08-14T05:42:58Z",
                            "id": "ecs-instance-profile",
                            "name": "ecs-instance-profile",
                            "path": "/",
                            "role": "ecs-instance-role",
                            "roles.#": "1",
                            "roles.3231179920": "ecs-instance-role",
                            "unique_id": "AIPAJAY3FOEDASLAU2ZKO"
                        },
                        "meta": {},
                        "tainted": false
                    },
                    "deposed": [],
                    "provider": "provider.aws"
                },
                "aws_iam_role.ecs-instance-role": {
                    "type": "aws_iam_role",
                    "depends_on": [
                        "data.aws_iam_policy_document.ecs-instance-policy"
                    ],
                    "primary": {
                        "id": "ecs-instance-role",
                        "attributes": {
                            "arn": "arn:aws:iam::352504084696:role/ecs-instance-role",
                            "assume_role_policy": "{\"Version\":\"2012-10-17\",\"Statement\":[{\"Sid\":\"\",\"Effect\":\"Allow\",\"Principal\":{\"Service\":\"ec2.amazonaws.com\"},\"Action\":\"sts:AssumeRole\"}]}",
                            "create_date": "2018-08-14T05:42:57Z",
                            "description": "",
                            "force_detach_policies": "false",
                            "id": "ecs-instance-role",
                            "max_session_duration": "3600",
                            "name": "ecs-instance-role",
                            "path": "/",
                            "unique_id": "AROAJ6W6O35SRAJB2WV7Q"
                        },
                        "meta": {},
                        "tainted": false
                    },
                    "deposed": [],
                    "provider": "provider.aws"
                },
                "aws_iam_role.ecs-service-role": {
                    "type": "aws_iam_role",
                    "depends_on": [
                        "data.aws_iam_policy_document.ecs-service-policy"
                    ],
                    "primary": {
                        "id": "ecs-service-role",
                        "attributes": {
                            "arn": "arn:aws:iam::352504084696:role/ecs-service-role",
                            "assume_role_policy": "{\"Version\":\"2012-10-17\",\"Statement\":[{\"Sid\":\"\",\"Effect\":\"Allow\",\"Principal\":{\"Service\":\"ecs.amazonaws.com\"},\"Action\":\"sts:AssumeRole\"}]}",
                            "create_date": "2018-08-14T05:42:57Z",
                            "description": "",
                            "force_detach_policies": "false",
                            "id": "ecs-service-role",
                            "max_session_duration": "3600",
                            "name": "ecs-service-role",
                            "path": "/",
                            "unique_id": "AROAIZJGIGNHGNFA2BECU"
                        },
                        "meta": {},
                        "tainted": false
                    },
                    "deposed": [],
                    "provider": "provider.aws"
                },
                "aws_iam_role_policy_attachment.ecs-instance-role-attachment": {
                    "type": "aws_iam_role_policy_attachment",
                    "depends_on": [
                        "aws_iam_role.ecs-instance-role"
                    ],
                    "primary": {
                        "id": "ecs-instance-role-20180814054258198100000001",
                        "attributes": {
                            "id": "ecs-instance-role-20180814054258198100000001",
                            "policy_arn": "arn:aws:iam::aws:policy/service-role/AmazonEC2ContainerServiceforEC2Role",
                            "role": "ecs-instance-role"
                        },
                        "meta": {},
                        "tainted": false
                    },
                    "deposed": [],
                    "provider": "provider.aws"
                },
                "aws_iam_role_policy_attachment.ecs-service-role-attachment": {
                    "type": "aws_iam_role_policy_attachment",
                    "depends_on": [
                        "aws_iam_role.ecs-service-role"
                    ],
                    "primary": {
                        "id": "ecs-service-role-20180814054258201100000002",
                        "attributes": {
                            "id": "ecs-service-role-20180814054258201100000002",
                            "policy_arn": "arn:aws:iam::aws:policy/service-role/AmazonEC2ContainerServiceRole",
                            "role": "ecs-service-role"
                        },
                        "meta": {},
                        "tainted": false
                    },
                    "deposed": [],
                    "provider": "provider.aws"
                },
                "aws_internet_gateway.rr-igw": {
                    "type": "aws_internet_gateway",
                    "depends_on": [
                        "aws_vpc.rr-vpc"
                    ],
                    "primary": {
                        "id": "igw-0a326f3d5e227bc79",
                        "attributes": {
                            "id": "igw-0a326f3d5e227bc79",
                            "tags.%": "0",
                            "vpc_id": "vpc-063295c70976a844c"
                        },
                        "meta": {},
                        "tainted": false
                    },
                    "deposed": [],
                    "provider": "provider.aws"
                },
                "aws_key_pair.rr-ec2-user": {
                    "type": "aws_key_pair",
                    "depends_on": [],
                    "primary": {
                        "id": "rr-ec2-user",
                        "attributes": {
                            "fingerprint": "a4:03:29:54:7e:fd:41:3f:cd:cd:77:1e:78:56:9f:26",
                            "id": "rr-ec2-user",
                            "key_name": "rr-ec2-user",
                            "public_key": "ssh-rsa AAAAB3NzaC1yc2EAAAADAQABAAABAQDVqNXh54ZoIMGW5WWG3DNOvw/dONubX3tukI+rx+bfMegHbXEIvQoGJiri7bEHOJLpJZ2ZGegV7atJkjn9BgdrX95KVT+GSmWxN+2QgQaCW44wVz7NGz3ALjOeD4xppPcmIQDkwgcKfBSB5IYcIuvXMQnY2vGGmWylNrAi1kgur+YNUEE0YLiKsxxYSSsKcguN1BOMVMrNt3hBPTXk2+T4yhqsFbuiz4Hnyo78e+hLk+5aZPCnepupXVn3eumG3rMln+qJFGyHHDinj/uTZYJBkYwPFMxfYQ7pSGLwvwnPZZ8IcQ01iTOPLkPws0zMPtvOyz8Y4NJ7Ud2hv5170mOH rr-ec2-user"
                        },
                        "meta": {
                            "schema_version": "1"
                        },
                        "tainted": false
                    },
                    "deposed": [],
                    "provider": "provider.aws"
                },
                "aws_launch_configuration.ecs-dmz-launch-config": {
                    "type": "aws_launch_configuration",
                    "depends_on": [
                        "aws_iam_instance_profile.ecs-instance-profile",
                        "aws_security_group.rr-ec2-sg"
                    ],
                    "primary": {
                        "id": "ecs-dmz-launch-config",
                        "attributes": {
                            "associate_public_ip_address": "true",
                            "ebs_block_device.#": "0",
                            "ebs_optimized": "false",
                            "enable_monitoring": "true",
                            "ephemeral_block_device.#": "0",
                            "iam_instance_profile": "ecs-instance-profile",
                            "id": "ecs-dmz-launch-config",
                            "image_id": "ami-0612d1ef7f8e72c06",
                            "instance_type": "t2.micro",
                            "key_name": "rr-ec2-user",
                            "name": "ecs-dmz-launch-config",
                            "root_block_device.#": "1",
                            "root_block_device.0.delete_on_termination": "true",
                            "root_block_device.0.iops": "0",
                            "root_block_device.0.volume_size": "20",
                            "root_block_device.0.volume_type": "standard",
                            "security_groups.#": "1",
                            "security_groups.3305630080": "sg-001f06aafe4426514",
                            "spot_price": "",
                            "user_data": "2149e7d47cb4a45a91f296489163ebb9161e4d5f",
                            "vpc_classic_link_id": "",
                            "vpc_classic_link_security_groups.#": "0"
                        },
                        "meta": {},
                        "tainted": false
                    },
                    "deposed": [],
                    "provider": "provider.aws"
                },
                "aws_launch_configuration.ecs-secure-launch-config": {
                    "type": "aws_launch_configuration",
                    "depends_on": [
                        "aws_iam_instance_profile.ecs-instance-profile",
                        "aws_security_group.rr-ec2-sg"
                    ],
                    "primary": {
                        "id": "ecs-secure-launch-config",
                        "attributes": {
                            "associate_public_ip_address": "true",
                            "ebs_block_device.#": "0",
                            "ebs_optimized": "false",
                            "enable_monitoring": "true",
                            "ephemeral_block_device.#": "0",
                            "iam_instance_profile": "ecs-instance-profile",
                            "id": "ecs-secure-launch-config",
                            "image_id": "ami-0612d1ef7f8e72c06",
                            "instance_type": "t2.micro",
                            "key_name": "rr-ec2-user",
                            "name": "ecs-secure-launch-config",
                            "root_block_device.#": "1",
                            "root_block_device.0.delete_on_termination": "true",
                            "root_block_device.0.iops": "0",
                            "root_block_device.0.volume_size": "20",
                            "root_block_device.0.volume_type": "standard",
                            "security_groups.#": "1",
                            "security_groups.3305630080": "sg-001f06aafe4426514",
                            "spot_price": "",
                            "user_data": "779e59ba36e0f28dd334ce38995b9666a494d07f",
                            "vpc_classic_link_id": "",
                            "vpc_classic_link_security_groups.#": "0"
                        },
                        "meta": {},
                        "tainted": false
                    },
                    "deposed": [],
                    "provider": "provider.aws"
                },
                "aws_route_table.rr-rtb-dmz": {
                    "type": "aws_route_table",
                    "depends_on": [
                        "aws_internet_gateway.rr-igw",
                        "aws_vpc.rr-vpc"
                    ],
                    "primary": {
                        "id": "rtb-093f1597720075551",
                        "attributes": {
                            "id": "rtb-093f1597720075551",
                            "propagating_vgws.#": "0",
                            "route.#": "1",
                            "route.2848657961.cidr_block": "0.0.0.0/0",
                            "route.2848657961.egress_only_gateway_id": "",
                            "route.2848657961.gateway_id": "igw-0a326f3d5e227bc79",
                            "route.2848657961.instance_id": "",
                            "route.2848657961.ipv6_cidr_block": "",
                            "route.2848657961.nat_gateway_id": "",
                            "route.2848657961.network_interface_id": "",
                            "route.2848657961.vpc_peering_connection_id": "",
                            "tags.%": "0",
                            "vpc_id": "vpc-063295c70976a844c"
                        },
                        "meta": {},
                        "tainted": false
                    },
                    "deposed": [],
                    "provider": "provider.aws"
                },
                "aws_route_table.rr-rtb-secure": {
                    "type": "aws_route_table",
                    "depends_on": [
                        "aws_internet_gateway.rr-igw",
                        "aws_vpc.rr-vpc"
                    ],
                    "primary": {
                        "id": "rtb-0f9b2de8fd754e374",
                        "attributes": {
                            "id": "rtb-0f9b2de8fd754e374",
                            "propagating_vgws.#": "0",
                            "route.#": "1",
                            "route.2848657961.cidr_block": "0.0.0.0/0",
                            "route.2848657961.egress_only_gateway_id": "",
                            "route.2848657961.gateway_id": "igw-0a326f3d5e227bc79",
                            "route.2848657961.instance_id": "",
                            "route.2848657961.ipv6_cidr_block": "",
                            "route.2848657961.nat_gateway_id": "",
                            "route.2848657961.network_interface_id": "",
                            "route.2848657961.vpc_peering_connection_id": "",
                            "tags.%": "0",
                            "vpc_id": "vpc-063295c70976a844c"
                        },
                        "meta": {},
                        "tainted": false
                    },
                    "deposed": [],
                    "provider": "provider.aws"
                },
                "aws_route_table_association.a": {
                    "type": "aws_route_table_association",
                    "depends_on": [
                        "aws_route_table.rr-rtb-dmz",
                        "aws_subnet.rr-subnet-dmz-1"
                    ],
                    "primary": {
                        "id": "rtbassoc-02f1f2006ae4fa979",
                        "attributes": {
                            "id": "rtbassoc-02f1f2006ae4fa979",
                            "route_table_id": "rtb-093f1597720075551",
                            "subnet_id": "subnet-0812f5d95ebd700a4"
                        },
                        "meta": {},
                        "tainted": false
                    },
                    "deposed": [],
                    "provider": "provider.aws"
                },
                "aws_route_table_association.b": {
                    "type": "aws_route_table_association",
                    "depends_on": [
                        "aws_route_table.rr-rtb-dmz",
                        "aws_subnet.rr-subnet-dmz-2"
                    ],
                    "primary": {
                        "id": "rtbassoc-01468a93c32c74bd5",
                        "attributes": {
                            "id": "rtbassoc-01468a93c32c74bd5",
                            "route_table_id": "rtb-093f1597720075551",
                            "subnet_id": "subnet-0a84edfe3a0de0584"
                        },
                        "meta": {},
                        "tainted": false
                    },
                    "deposed": [],
                    "provider": "provider.aws"
                },
                "aws_route_table_association.c": {
                    "type": "aws_route_table_association",
                    "depends_on": [
                        "aws_route_table.rr-rtb-secure",
                        "aws_subnet.rr-subnet-secure-1"
                    ],
                    "primary": {
                        "id": "rtbassoc-04d090b3b39c7cdba",
                        "attributes": {
                            "id": "rtbassoc-04d090b3b39c7cdba",
                            "route_table_id": "rtb-0f9b2de8fd754e374",
                            "subnet_id": "subnet-0e5119f0b6444ddf9"
                        },
                        "meta": {},
                        "tainted": false
                    },
                    "deposed": [],
                    "provider": "provider.aws"
                },
                "aws_route_table_association.d": {
                    "type": "aws_route_table_association",
                    "depends_on": [
                        "aws_route_table.rr-rtb-secure",
                        "aws_subnet.rr-subnet-secure-2"
                    ],
                    "primary": {
                        "id": "rtbassoc-03b89c17c8fed96bd",
                        "attributes": {
                            "id": "rtbassoc-03b89c17c8fed96bd",
                            "route_table_id": "rtb-0f9b2de8fd754e374",
                            "subnet_id": "subnet-0e02e206a69a5cb99"
                        },
                        "meta": {},
                        "tainted": false
                    },
                    "deposed": [],
                    "provider": "provider.aws"
                },
                "aws_security_group.rr-alb-sg": {
                    "type": "aws_security_group",
                    "depends_on": [
                        "aws_vpc.rr-vpc"
                    ],
                    "primary": {
                        "id": "sg-0d802d1873dd46582",
                        "attributes": {
                            "arn": "arn:aws:ec2:eu-west-1:352504084696:security-group/sg-0d802d1873dd46582",
                            "description": "Managed by Terraform",
                            "egress.#": "1",
                            "egress.482069346.cidr_blocks.#": "1",
                            "egress.482069346.cidr_blocks.0": "0.0.0.0/0",
                            "egress.482069346.description": "",
                            "egress.482069346.from_port": "0",
                            "egress.482069346.ipv6_cidr_blocks.#": "0",
                            "egress.482069346.prefix_list_ids.#": "0",
                            "egress.482069346.protocol": "-1",
                            "egress.482069346.security_groups.#": "0",
                            "egress.482069346.self": "false",
                            "egress.482069346.to_port": "0",
                            "id": "sg-0d802d1873dd46582",
                            "ingress.#": "1",
                            "ingress.2214680975.cidr_blocks.#": "1",
                            "ingress.2214680975.cidr_blocks.0": "0.0.0.0/0",
                            "ingress.2214680975.description": "",
                            "ingress.2214680975.from_port": "80",
                            "ingress.2214680975.ipv6_cidr_blocks.#": "0",
                            "ingress.2214680975.protocol": "tcp",
                            "ingress.2214680975.security_groups.#": "0",
                            "ingress.2214680975.self": "false",
                            "ingress.2214680975.to_port": "80",
                            "name": "rr-alb-sg",
                            "owner_id": "352504084696",
                            "revoke_rules_on_delete": "false",
                            "tags.%": "0",
                            "vpc_id": "vpc-063295c70976a844c"
                        },
                        "meta": {
                            "e2bfb730-ecaa-11e6-8f88-34363bc7c4c0": {
                                "create": 600000000000,
                                "delete": 600000000000
                            },
                            "schema_version": "1"
                        },
                        "tainted": false
                    },
                    "deposed": [],
                    "provider": "provider.aws"
                },
                "aws_security_group.rr-ec2-sg": {
                    "type": "aws_security_group",
                    "depends_on": [
                        "aws_vpc.rr-vpc"
                    ],
                    "primary": {
                        "id": "sg-001f06aafe4426514",
                        "attributes": {
                            "arn": "arn:aws:ec2:eu-west-1:352504084696:security-group/sg-001f06aafe4426514",
                            "description": "Managed by Terraform",
                            "egress.#": "1",
                            "egress.482069346.cidr_blocks.#": "1",
                            "egress.482069346.cidr_blocks.0": "0.0.0.0/0",
                            "egress.482069346.description": "",
                            "egress.482069346.from_port": "0",
                            "egress.482069346.ipv6_cidr_blocks.#": "0",
                            "egress.482069346.prefix_list_ids.#": "0",
                            "egress.482069346.protocol": "-1",
                            "egress.482069346.security_groups.#": "0",
                            "egress.482069346.self": "false",
                            "egress.482069346.to_port": "0",
                            "id": "sg-001f06aafe4426514",
                            "ingress.#": "2",
                            "ingress.2214680975.cidr_blocks.#": "1",
                            "ingress.2214680975.cidr_blocks.0": "0.0.0.0/0",
                            "ingress.2214680975.description": "",
                            "ingress.2214680975.from_port": "80",
                            "ingress.2214680975.ipv6_cidr_blocks.#": "0",
                            "ingress.2214680975.protocol": "tcp",
                            "ingress.2214680975.security_groups.#": "0",
                            "ingress.2214680975.self": "false",
                            "ingress.2214680975.to_port": "80",
                            "ingress.2541437006.cidr_blocks.#": "1",
                            "ingress.2541437006.cidr_blocks.0": "0.0.0.0/0",
                            "ingress.2541437006.description": "",
                            "ingress.2541437006.from_port": "22",
                            "ingress.2541437006.ipv6_cidr_blocks.#": "0",
                            "ingress.2541437006.protocol": "tcp",
                            "ingress.2541437006.security_groups.#": "0",
                            "ingress.2541437006.self": "false",
                            "ingress.2541437006.to_port": "22",
                            "name": "rr-ec2-sg",
                            "owner_id": "352504084696",
                            "revoke_rules_on_delete": "false",
                            "tags.%": "0",
                            "vpc_id": "vpc-063295c70976a844c"
                        },
                        "meta": {
                            "e2bfb730-ecaa-11e6-8f88-34363bc7c4c0": {
                                "create": 600000000000,
                                "delete": 600000000000
                            },
                            "schema_version": "1"
                        },
                        "tainted": false
                    },
                    "deposed": [],
                    "provider": "provider.aws"
                },
                "aws_subnet.rr-subnet-dmz-1": {
                    "type": "aws_subnet",
                    "depends_on": [
                        "aws_vpc.rr-vpc"
                    ],
                    "primary": {
                        "id": "subnet-0812f5d95ebd700a4",
                        "attributes": {
                            "assign_ipv6_address_on_creation": "false",
                            "availability_zone": "eu-west-1a",
                            "cidr_block": "10.0.1.0/24",
                            "id": "subnet-0812f5d95ebd700a4",
                            "map_public_ip_on_launch": "false",
                            "tags.%": "1",
                            "tags.Name": "rr-subnet-dmz-1",
                            "vpc_id": "vpc-063295c70976a844c"
                        },
                        "meta": {
                            "schema_version": "1"
                        },
                        "tainted": false
                    },
                    "deposed": [],
                    "provider": "provider.aws"
                },
                "aws_subnet.rr-subnet-dmz-2": {
                    "type": "aws_subnet",
                    "depends_on": [
                        "aws_vpc.rr-vpc"
                    ],
                    "primary": {
                        "id": "subnet-0a84edfe3a0de0584",
                        "attributes": {
                            "assign_ipv6_address_on_creation": "false",
                            "availability_zone": "eu-west-1b",
                            "cidr_block": "10.0.2.0/24",
                            "id": "subnet-0a84edfe3a0de0584",
                            "map_public_ip_on_launch": "false",
                            "tags.%": "1",
                            "tags.Name": "rr-subnet-dmz-2",
                            "vpc_id": "vpc-063295c70976a844c"
                        },
                        "meta": {
                            "schema_version": "1"
                        },
                        "tainted": false
                    },
                    "deposed": [],
                    "provider": "provider.aws"
                },
                "aws_subnet.rr-subnet-secure-1": {
                    "type": "aws_subnet",
                    "depends_on": [
                        "aws_vpc.rr-vpc"
                    ],
                    "primary": {
                        "id": "subnet-0e5119f0b6444ddf9",
                        "attributes": {
                            "assign_ipv6_address_on_creation": "false",
                            "availability_zone": "eu-west-1a",
                            "cidr_block": "10.0.3.0/24",
                            "id": "subnet-0e5119f0b6444ddf9",
                            "map_public_ip_on_launch": "false",
                            "tags.%": "1",
                            "tags.Name": "rr-subnet-secure-1",
                            "vpc_id": "vpc-063295c70976a844c"
                        },
                        "meta": {
                            "schema_version": "1"
                        },
                        "tainted": false
                    },
                    "deposed": [],
                    "provider": "provider.aws"
                },
                "aws_subnet.rr-subnet-secure-2": {
                    "type": "aws_subnet",
                    "depends_on": [
                        "aws_vpc.rr-vpc"
                    ],
                    "primary": {
                        "id": "subnet-0e02e206a69a5cb99",
                        "attributes": {
                            "assign_ipv6_address_on_creation": "false",
                            "availability_zone": "eu-west-1b",
                            "cidr_block": "10.0.4.0/24",
                            "id": "subnet-0e02e206a69a5cb99",
                            "map_public_ip_on_launch": "false",
                            "tags.%": "1",
                            "tags.Name": "rr-subnet-secure-2",
                            "vpc_id": "vpc-063295c70976a844c"
                        },
                        "meta": {
                            "schema_version": "1"
                        },
                        "tainted": false
                    },
                    "deposed": [],
                    "provider": "provider.aws"
                },
                "aws_vpc.rr-vpc": {
                    "type": "aws_vpc",
                    "depends_on": [],
                    "primary": {
                        "id": "vpc-063295c70976a844c",
                        "attributes": {
                            "arn": "arn:aws:ec2:eu-west-1:352504084696:vpc/vpc-063295c70976a844c",
                            "assign_generated_ipv6_cidr_block": "false",
                            "cidr_block": "10.0.0.0/16",
                            "default_network_acl_id": "acl-0eb5563eff16c3440",
                            "default_route_table_id": "rtb-0a6e556b704bda0dd",
                            "default_security_group_id": "sg-0fda8bfbfdcfd74ed",
                            "dhcp_options_id": "dopt-cd3bfcab",
                            "enable_classiclink": "false",
                            "enable_classiclink_dns_support": "false",
                            "enable_dns_hostnames": "true",
                            "enable_dns_support": "true",
                            "id": "vpc-063295c70976a844c",
                            "instance_tenancy": "default",
                            "main_route_table_id": "rtb-0a6e556b704bda0dd",
                            "tags.%": "1",
                            "tags.Name": "rr-vpc"
                        },
                        "meta": {
                            "schema_version": "1"
                        },
                        "tainted": false
                    },
                    "deposed": [],
                    "provider": "provider.aws"
                },
                "data.aws_iam_policy_document.ecs-instance-policy": {
                    "type": "aws_iam_policy_document",
                    "depends_on": [],
                    "primary": {
                        "id": "1903849331",
                        "attributes": {
                            "id": "1903849331",
                            "json": "{\n  \"Version\": \"2012-10-17\",\n  \"Statement\": [\n    {\n      \"Sid\": \"\",\n      \"Effect\": \"Allow\",\n      \"Action\": \"sts:AssumeRole\",\n      \"Principal\": {\n        \"Service\": \"ec2.amazonaws.com\"\n      }\n    }\n  ]\n}",
                            "statement.#": "1",
                            "statement.0.actions.#": "1",
                            "statement.0.actions.2528466339": "sts:AssumeRole",
                            "statement.0.condition.#": "0",
                            "statement.0.effect": "Allow",
                            "statement.0.not_actions.#": "0",
                            "statement.0.not_principals.#": "0",
                            "statement.0.not_resources.#": "0",
                            "statement.0.principals.#": "1",
                            "statement.0.principals.1134724139.identifiers.#": "1",
                            "statement.0.principals.1134724139.identifiers.3655884555": "ec2.amazonaws.com",
                            "statement.0.principals.1134724139.type": "Service",
                            "statement.0.resources.#": "0",
                            "statement.0.sid": ""
                        },
                        "meta": {},
                        "tainted": false
                    },
                    "deposed": [],
                    "provider": "provider.aws"
                },
                "data.aws_iam_policy_document.ecs-service-policy": {
                    "type": "aws_iam_policy_document",
                    "depends_on": [],
                    "primary": {
                        "id": "3622649364",
                        "attributes": {
                            "id": "3622649364",
                            "json": "{\n  \"Version\": \"2012-10-17\",\n  \"Statement\": [\n    {\n      \"Sid\": \"\",\n      \"Effect\": \"Allow\",\n      \"Action\": \"sts:AssumeRole\",\n      \"Principal\": {\n        \"Service\": \"ecs.amazonaws.com\"\n      }\n    }\n  ]\n}",
                            "statement.#": "1",
                            "statement.0.actions.#": "1",
                            "statement.0.actions.2528466339": "sts:AssumeRole",
                            "statement.0.condition.#": "0",
                            "statement.0.effect": "Allow",
                            "statement.0.not_actions.#": "0",
                            "statement.0.not_principals.#": "0",
                            "statement.0.not_resources.#": "0",
                            "statement.0.principals.#": "1",
                            "statement.0.principals.1113412664.identifiers.#": "1",
                            "statement.0.principals.1113412664.identifiers.1509832800": "ecs.amazonaws.com",
                            "statement.0.principals.1113412664.type": "Service",
                            "statement.0.resources.#": "0",
                            "statement.0.sid": ""
                        },
                        "meta": {},
                        "tainted": false
                    },
                    "deposed": [],
                    "provider": "provider.aws"
                }
            },
            "depends_on": []
        }
    ]
}
